
Microsoft Visual Studio Solution File, Format Version 12.00
# Visual Studio Version 17
VisualStudioVersion = 17.0.31903.59
MinimumVisualStudioVersion = 10.0.40219.1
Project("{2150E333-8FDC-42A3-9474-1A3956D46DE8}") = "Catalog", "Catalog", "{17908272-3BC4-4555-AF7C-B4C09AC86105}"
	ProjectSection(SolutionItems) = preProject
		Catalog\README.md = Catalog\README.md
	EndProjectSection
EndProject
Project("{2150E333-8FDC-42A3-9474-1A3956D46DE8}") = "src", "src", "{7801A4D9-54CF-43B4-B731-199A19B625DA}"
EndProject
Project("{2150E333-8FDC-42A3-9474-1A3956D46DE8}") = "tests", "tests", "{EC8B366A-2968-43BF-86DF-241844445669}"
	ProjectSection(SolutionItems) = preProject
		Catalog\tests\.editorconfig = Catalog\tests\.editorconfig
	EndProjectSection
EndProject
Project("{9A19103F-16F7-4668-BE54-9A1E7A4F7556}") = "Cataloging", "Catalog\src\Cataloging\Cataloging.csproj", "{93840517-71C7-46CD-B71B-ED68A8D53DFA}"
EndProject
Project("{2150E333-8FDC-42A3-9474-1A3956D46DE8}") = "Solution Items", "Solution Items", "{FF831862-C44A-436A-A1E8-3F1C4976BD2B}"
	ProjectSection(SolutionItems) = preProject
		.editorconfig = .editorconfig
		Directory.Build.props = Directory.Build.props
	EndProjectSection
EndProject
Project("{9A19103F-16F7-4668-BE54-9A1E7A4F7556}") = "Cataloging.IntegrationTests", "Catalog\tests\Cataloging.IntegrationTests\Cataloging.IntegrationTests.csproj", "{74415934-E712-4241-A8C1-D74E72C7AF81}"
EndProject
Project("{9A19103F-16F7-4668-BE54-9A1E7A4F7556}") = "Cataloging.Infrastructure.IntegrationTests", "Catalog\tests\Cataloging.Infrastructure.IntegrationTests\Cataloging.Infrastructure.IntegrationTests.csproj", "{7ABCE44A-1EE3-4820-BAD3-5F95628F4070}"
EndProject
Project("{9A19103F-16F7-4668-BE54-9A1E7A4F7556}") = "Cataloging.UnitTests", "Catalog\tests\Cataloging.UnitTests\Cataloging.UnitTests.csproj", "{56890B31-D76B-4C48-BEAD-1DA6BE1CDFD1}"
EndProject
Project("{2150E333-8FDC-42A3-9474-1A3956D46DE8}") = "Inventory", "Inventory", "{6CF13A43-506E-4EAB-A829-EE14CE9A3BA6}"
	ProjectSection(SolutionItems) = preProject
		Inventory\README.md = Inventory\README.md
	EndProjectSection
EndProject
Project("{2150E333-8FDC-42A3-9474-1A3956D46DE8}") = "Order", "Order", "{2D28F504-1C4C-4E9A-A9A1-6D22220D1D2F}"
	ProjectSection(SolutionItems) = preProject
		Order\README.md = Order\README.md
	EndProjectSection
EndProject
Project("{2150E333-8FDC-42A3-9474-1A3956D46DE8}") = "User", "User", "{897449E4-1E31-4836-94CA-82A41F6BC857}"
	ProjectSection(SolutionItems) = preProject
		User\README.md = User\README.md
	EndProjectSection
EndProject
Project("{2150E333-8FDC-42A3-9474-1A3956D46DE8}") = "src", "src", "{4917EE9A-62FD-4DD5-B0F9-3F499F50A8ED}"
EndProject
Project("{2150E333-8FDC-42A3-9474-1A3956D46DE8}") = "tests", "tests", "{A70C4BC4-8BF0-44D4-ADFF-458161BB6063}"
EndProject
Project("{9A19103F-16F7-4668-BE54-9A1E7A4F7556}") = "Ordering", "Order\src\Ordering\Ordering.csproj", "{D20E3F0C-96FB-4F1F-9464-2AB58C69877A}"
EndProject
Project("{2150E333-8FDC-42A3-9474-1A3956D46DE8}") = "Common", "Common", "{542694A3-CDE3-4010-A050-3F67E0F89242}"
EndProject
Project("{2150E333-8FDC-42A3-9474-1A3956D46DE8}") = "src", "src", "{3EB05445-5BEB-457B-B088-6EEFBFFAE4C1}"
EndProject
Project("{2150E333-8FDC-42A3-9474-1A3956D46DE8}") = "tests", "tests", "{371356E1-63A9-44CD-9905-759B09717A1A}"
EndProject
Project("{9A19103F-16F7-4668-BE54-9A1E7A4F7556}") = "Common", "Common\src\Common\Common.csproj", "{89375998-7D2F-496A-8034-EAAE406DEF96}"
EndProject
Project("{2150E333-8FDC-42A3-9474-1A3956D46DE8}") = "tools", "tools", "{4233635C-2908-4932-AA23-7F196BF1E71C}"
	ProjectSection(SolutionItems) = preProject
		Common\tools\Add-Migration.txt = Common\tools\Add-Migration.txt
		Common\tools\Drop-Database.txt = Common\tools\Drop-Database.txt
		Common\tools\Update-Database.txt = Common\tools\Update-Database.txt
	EndProjectSection
EndProject
Global
	GlobalSection(SolutionConfigurationPlatforms) = preSolution
		Debug|Any CPU = Debug|Any CPU
		Release|Any CPU = Release|Any CPU
	EndGlobalSection
	GlobalSection(ProjectConfigurationPlatforms) = postSolution
		{93840517-71C7-46CD-B71B-ED68A8D53DFA}.Debug|Any CPU.ActiveCfg = Debug|Any CPU
		{93840517-71C7-46CD-B71B-ED68A8D53DFA}.Debug|Any CPU.Build.0 = Debug|Any CPU
		{93840517-71C7-46CD-B71B-ED68A8D53DFA}.Release|Any CPU.ActiveCfg = Release|Any CPU
		{93840517-71C7-46CD-B71B-ED68A8D53DFA}.Release|Any CPU.Build.0 = Release|Any CPU
		{74415934-E712-4241-A8C1-D74E72C7AF81}.Debug|Any CPU.ActiveCfg = Debug|Any CPU
		{74415934-E712-4241-A8C1-D74E72C7AF81}.Debug|Any CPU.Build.0 = Debug|Any CPU
		{74415934-E712-4241-A8C1-D74E72C7AF81}.Release|Any CPU.ActiveCfg = Release|Any CPU
		{74415934-E712-4241-A8C1-D74E72C7AF81}.Release|Any CPU.Build.0 = Release|Any CPU
		{7ABCE44A-1EE3-4820-BAD3-5F95628F4070}.Debug|Any CPU.ActiveCfg = Debug|Any CPU
		{7ABCE44A-1EE3-4820-BAD3-5F95628F4070}.Debug|Any CPU.Build.0 = Debug|Any CPU
		{7ABCE44A-1EE3-4820-BAD3-5F95628F4070}.Release|Any CPU.ActiveCfg = Release|Any CPU
		{7ABCE44A-1EE3-4820-BAD3-5F95628F4070}.Release|Any CPU.Build.0 = Release|Any CPU
		{56890B31-D76B-4C48-BEAD-1DA6BE1CDFD1}.Debug|Any CPU.ActiveCfg = Debug|Any CPU
		{56890B31-D76B-4C48-BEAD-1DA6BE1CDFD1}.Debug|Any CPU.Build.0 = Debug|Any CPU
		{56890B31-D76B-4C48-BEAD-1DA6BE1CDFD1}.Release|Any CPU.ActiveCfg = Release|Any CPU
		{56890B31-D76B-4C48-BEAD-1DA6BE1CDFD1}.Release|Any CPU.Build.0 = Release|Any CPU
		{D20E3F0C-96FB-4F1F-9464-2AB58C69877A}.Debug|Any CPU.ActiveCfg = Debug|Any CPU
		{D20E3F0C-96FB-4F1F-9464-2AB58C69877A}.Debug|Any CPU.Build.0 = Debug|Any CPU
		{D20E3F0C-96FB-4F1F-9464-2AB58C69877A}.Release|Any CPU.ActiveCfg = Release|Any CPU
		{D20E3F0C-96FB-4F1F-9464-2AB58C69877A}.Release|Any CPU.Build.0 = Release|Any CPU
		{89375998-7D2F-496A-8034-EAAE406DEF96}.Debug|Any CPU.ActiveCfg = Debug|Any CPU
		{89375998-7D2F-496A-8034-EAAE406DEF96}.Debug|Any CPU.Build.0 = Debug|Any CPU
		{89375998-7D2F-496A-8034-EAAE406DEF96}.Release|Any CPU.ActiveCfg = Release|Any CPU
		{89375998-7D2F-496A-8034-EAAE406DEF96}.Release|Any CPU.Build.0 = Release|Any CPU
	EndGlobalSection
	GlobalSection(SolutionProperties) = preSolution
		HideSolutionNode = FALSE
	EndGlobalSection
	GlobalSection(NestedProjects) = preSolution
		{7801A4D9-54CF-43B4-B731-199A19B625DA} = {17908272-3BC4-4555-AF7C-B4C09AC86105}
		{EC8B366A-2968-43BF-86DF-241844445669} = {17908272-3BC4-4555-AF7C-B4C09AC86105}
		{93840517-71C7-46CD-B71B-ED68A8D53DFA} = {7801A4D9-54CF-43B4-B731-199A19B625DA}
		{74415934-E712-4241-A8C1-D74E72C7AF81} = {EC8B366A-2968-43BF-86DF-241844445669}
		{7ABCE44A-1EE3-4820-BAD3-5F95628F4070} = {EC8B366A-2968-43BF-86DF-241844445669}
		{56890B31-D76B-4C48-BEAD-1DA6BE1CDFD1} = {EC8B366A-2968-43BF-86DF-241844445669}
		{4917EE9A-62FD-4DD5-B0F9-3F499F50A8ED} = {2D28F504-1C4C-4E9A-A9A1-6D22220D1D2F}
		{A70C4BC4-8BF0-44D4-ADFF-458161BB6063} = {2D28F504-1C4C-4E9A-A9A1-6D22220D1D2F}
		{D20E3F0C-96FB-4F1F-9464-2AB58C69877A} = {4917EE9A-62FD-4DD5-B0F9-3F499F50A8ED}
		{3EB05445-5BEB-457B-B088-6EEFBFFAE4C1} = {542694A3-CDE3-4010-A050-3F67E0F89242}
		{371356E1-63A9-44CD-9905-759B09717A1A} = {542694A3-CDE3-4010-A050-3F67E0F89242}
		{89375998-7D2F-496A-8034-EAAE406DEF96} = {3EB05445-5BEB-457B-B088-6EEFBFFAE4C1}
		{4233635C-2908-4932-AA23-7F196BF1E71C} = {542694A3-CDE3-4010-A050-3F67E0F89242}
	EndGlobalSection
	GlobalSection(ExtensibilityGlobals) = postSolution
		SolutionGuid = {2A7F10F0-64D8-490D-8D09-380016A23617}
	EndGlobalSection
EndGlobal
