
Microsoft Visual Studio Solution File, Format Version 12.00
# Visual Studio Version 17
VisualStudioVersion = 17.0.31903.59
MinimumVisualStudioVersion = 10.0.40219.1
Project("{2150E333-8FDC-42A3-9474-1A3956D46DE8}") = "Books", "Books", "{17908272-3BC4-4555-AF7C-B4C09AC86105}"
EndProject
Project("{2150E333-8FDC-42A3-9474-1A3956D46DE8}") = "src", "src", "{7801A4D9-54CF-43B4-B731-199A19B625DA}"
EndProject
Project("{2150E333-8FDC-42A3-9474-1A3956D46DE8}") = "tests", "tests", "{EC8B366A-2968-43BF-86DF-241844445669}"
	ProjectSection(SolutionItems) = preProject
		Books\tests\.editorconfig = Books\tests\.editorconfig
	EndProjectSection
EndProject
Project("{9A19103F-16F7-4668-BE54-9A1E7A4F7556}") = "Books.Api", "Books\src\Books.Api\Books.Api.csproj", "{93840517-71C7-46CD-B71B-ED68A8D53DFA}"
EndProject
Project("{2150E333-8FDC-42A3-9474-1A3956D46DE8}") = "Solution Items", "Solution Items", "{FF831862-C44A-436A-A1E8-3F1C4976BD2B}"
	ProjectSection(SolutionItems) = preProject
		.editorconfig = .editorconfig
		Directory.Build.props = Directory.Build.props
	EndProjectSection
EndProject
Project("{9A19103F-16F7-4668-BE54-9A1E7A4F7556}") = "Books.Domain.UnitTests", "Books\tests\Books.Domain.UnitTests\Books.Domain.UnitTests.csproj", "{64945855-5ACB-4A76-BAE7-9753A84C836C}"
EndProject
Project("{9A19103F-16F7-4668-BE54-9A1E7A4F7556}") = "Books.Application", "Books\src\Books.Application\Books.Application.csproj", "{879C694F-D100-4511-AB49-B064D625E8CE}"
EndProject
Project("{9A19103F-16F7-4668-BE54-9A1E7A4F7556}") = "Books.Domain", "Books\src\Books.Domain\Books.Domain.csproj", "{CFC72D68-D736-4F44-AA6D-ACE9A8782291}"
EndProject
Project("{9A19103F-16F7-4668-BE54-9A1E7A4F7556}") = "Books.Infrastructure", "Books\src\Books.Infrastructure\Books.Infrastructure.csproj", "{43E7F853-2DCC-4382-9611-FABF56B2A4F0}"
EndProject
Project("{9A19103F-16F7-4668-BE54-9A1E7A4F7556}") = "Books.IntegrationTests", "Books\tests\Books.IntegrationTests\Books.IntegrationTests.csproj", "{74415934-E712-4241-A8C1-D74E72C7AF81}"
EndProject
Project("{9A19103F-16F7-4668-BE54-9A1E7A4F7556}") = "Books.MockData", "Books\src\Books.MockData\Books.MockData.csproj", "{92F7ED52-B826-4D1A-A7EC-A9383ECD871A}"
EndProject
Project("{FAE04EC0-301F-11D3-BF4B-00C04F79EFBC}") = "Books.Infrastructure.IntegrationTests", "Books\tests\Books.Infrastructure.IntegrationTests\Books.Infrastructure.IntegrationTests.csproj", "{7ABCE44A-1EE3-4820-BAD3-5F95628F4070}"
EndProject
Project("{FAE04EC0-301F-11D3-BF4B-00C04F79EFBC}") = "Books.Application.UnitTests", "Books\tests\Books.Application.UnitTests\Books.Application.UnitTests.csproj", "{913FBA20-82A8-49F9-8D22-D7FCDED9D09C}"
EndProject
Project("{FAE04EC0-301F-11D3-BF4B-00C04F79EFBC}") = "Books.Api.UnitTests", "Books\tests\Books.Api.UnitTests\Books.Api.UnitTests.csproj", "{56890B31-D76B-4C48-BEAD-1DA6BE1CDFD1}"
EndProject
Global
	GlobalSection(SolutionConfigurationPlatforms) = preSolution
		Debug|Any CPU = Debug|Any CPU
		Release|Any CPU = Release|Any CPU
	EndGlobalSection
	GlobalSection(ProjectConfigurationPlatforms) = postSolution
		{93840517-71C7-46CD-B71B-ED68A8D53DFA}.Debug|Any CPU.ActiveCfg = Debug|Any CPU
		{93840517-71C7-46CD-B71B-ED68A8D53DFA}.Debug|Any CPU.Build.0 = Debug|Any CPU
		{93840517-71C7-46CD-B71B-ED68A8D53DFA}.Release|Any CPU.ActiveCfg = Release|Any CPU
		{93840517-71C7-46CD-B71B-ED68A8D53DFA}.Release|Any CPU.Build.0 = Release|Any CPU
		{64945855-5ACB-4A76-BAE7-9753A84C836C}.Debug|Any CPU.ActiveCfg = Debug|Any CPU
		{64945855-5ACB-4A76-BAE7-9753A84C836C}.Debug|Any CPU.Build.0 = Debug|Any CPU
		{64945855-5ACB-4A76-BAE7-9753A84C836C}.Release|Any CPU.ActiveCfg = Release|Any CPU
		{64945855-5ACB-4A76-BAE7-9753A84C836C}.Release|Any CPU.Build.0 = Release|Any CPU
		{879C694F-D100-4511-AB49-B064D625E8CE}.Debug|Any CPU.ActiveCfg = Debug|Any CPU
		{879C694F-D100-4511-AB49-B064D625E8CE}.Debug|Any CPU.Build.0 = Debug|Any CPU
		{879C694F-D100-4511-AB49-B064D625E8CE}.Release|Any CPU.ActiveCfg = Release|Any CPU
		{879C694F-D100-4511-AB49-B064D625E8CE}.Release|Any CPU.Build.0 = Release|Any CPU
		{CFC72D68-D736-4F44-AA6D-ACE9A8782291}.Debug|Any CPU.ActiveCfg = Debug|Any CPU
		{CFC72D68-D736-4F44-AA6D-ACE9A8782291}.Debug|Any CPU.Build.0 = Debug|Any CPU
		{CFC72D68-D736-4F44-AA6D-ACE9A8782291}.Release|Any CPU.ActiveCfg = Release|Any CPU
		{CFC72D68-D736-4F44-AA6D-ACE9A8782291}.Release|Any CPU.Build.0 = Release|Any CPU
		{43E7F853-2DCC-4382-9611-FABF56B2A4F0}.Debug|Any CPU.ActiveCfg = Debug|Any CPU
		{43E7F853-2DCC-4382-9611-FABF56B2A4F0}.Debug|Any CPU.Build.0 = Debug|Any CPU
		{43E7F853-2DCC-4382-9611-FABF56B2A4F0}.Release|Any CPU.ActiveCfg = Release|Any CPU
		{43E7F853-2DCC-4382-9611-FABF56B2A4F0}.Release|Any CPU.Build.0 = Release|Any CPU
		{74415934-E712-4241-A8C1-D74E72C7AF81}.Debug|Any CPU.ActiveCfg = Debug|Any CPU
		{74415934-E712-4241-A8C1-D74E72C7AF81}.Debug|Any CPU.Build.0 = Debug|Any CPU
		{74415934-E712-4241-A8C1-D74E72C7AF81}.Release|Any CPU.ActiveCfg = Release|Any CPU
		{74415934-E712-4241-A8C1-D74E72C7AF81}.Release|Any CPU.Build.0 = Release|Any CPU
		{92F7ED52-B826-4D1A-A7EC-A9383ECD871A}.Debug|Any CPU.ActiveCfg = Debug|Any CPU
		{92F7ED52-B826-4D1A-A7EC-A9383ECD871A}.Debug|Any CPU.Build.0 = Debug|Any CPU
		{92F7ED52-B826-4D1A-A7EC-A9383ECD871A}.Release|Any CPU.ActiveCfg = Release|Any CPU
		{92F7ED52-B826-4D1A-A7EC-A9383ECD871A}.Release|Any CPU.Build.0 = Release|Any CPU
		{7ABCE44A-1EE3-4820-BAD3-5F95628F4070}.Debug|Any CPU.ActiveCfg = Debug|Any CPU
		{7ABCE44A-1EE3-4820-BAD3-5F95628F4070}.Debug|Any CPU.Build.0 = Debug|Any CPU
		{7ABCE44A-1EE3-4820-BAD3-5F95628F4070}.Release|Any CPU.ActiveCfg = Release|Any CPU
		{7ABCE44A-1EE3-4820-BAD3-5F95628F4070}.Release|Any CPU.Build.0 = Release|Any CPU
		{913FBA20-82A8-49F9-8D22-D7FCDED9D09C}.Debug|Any CPU.ActiveCfg = Debug|Any CPU
		{913FBA20-82A8-49F9-8D22-D7FCDED9D09C}.Debug|Any CPU.Build.0 = Debug|Any CPU
		{913FBA20-82A8-49F9-8D22-D7FCDED9D09C}.Release|Any CPU.ActiveCfg = Release|Any CPU
		{913FBA20-82A8-49F9-8D22-D7FCDED9D09C}.Release|Any CPU.Build.0 = Release|Any CPU
		{56890B31-D76B-4C48-BEAD-1DA6BE1CDFD1}.Debug|Any CPU.ActiveCfg = Debug|Any CPU
		{56890B31-D76B-4C48-BEAD-1DA6BE1CDFD1}.Debug|Any CPU.Build.0 = Debug|Any CPU
		{56890B31-D76B-4C48-BEAD-1DA6BE1CDFD1}.Release|Any CPU.ActiveCfg = Release|Any CPU
		{56890B31-D76B-4C48-BEAD-1DA6BE1CDFD1}.Release|Any CPU.Build.0 = Release|Any CPU
	EndGlobalSection
	GlobalSection(SolutionProperties) = preSolution
		HideSolutionNode = FALSE
	EndGlobalSection
	GlobalSection(NestedProjects) = preSolution
		{7801A4D9-54CF-43B4-B731-199A19B625DA} = {17908272-3BC4-4555-AF7C-B4C09AC86105}
		{EC8B366A-2968-43BF-86DF-241844445669} = {17908272-3BC4-4555-AF7C-B4C09AC86105}
		{93840517-71C7-46CD-B71B-ED68A8D53DFA} = {7801A4D9-54CF-43B4-B731-199A19B625DA}
		{64945855-5ACB-4A76-BAE7-9753A84C836C} = {EC8B366A-2968-43BF-86DF-241844445669}
		{879C694F-D100-4511-AB49-B064D625E8CE} = {7801A4D9-54CF-43B4-B731-199A19B625DA}
		{CFC72D68-D736-4F44-AA6D-ACE9A8782291} = {7801A4D9-54CF-43B4-B731-199A19B625DA}
		{43E7F853-2DCC-4382-9611-FABF56B2A4F0} = {7801A4D9-54CF-43B4-B731-199A19B625DA}
		{74415934-E712-4241-A8C1-D74E72C7AF81} = {EC8B366A-2968-43BF-86DF-241844445669}
		{92F7ED52-B826-4D1A-A7EC-A9383ECD871A} = {7801A4D9-54CF-43B4-B731-199A19B625DA}
		{7ABCE44A-1EE3-4820-BAD3-5F95628F4070} = {EC8B366A-2968-43BF-86DF-241844445669}
		{913FBA20-82A8-49F9-8D22-D7FCDED9D09C} = {EC8B366A-2968-43BF-86DF-241844445669}
		{56890B31-D76B-4C48-BEAD-1DA6BE1CDFD1} = {EC8B366A-2968-43BF-86DF-241844445669}
	EndGlobalSection
	GlobalSection(ExtensibilityGlobals) = postSolution
		SolutionGuid = {2A7F10F0-64D8-490D-8D09-380016A23617}
	EndGlobalSection
EndGlobal
